
Microsoft Visual Studio Solution File, Format Version 12.00
# Visual Studio Version 17
VisualStudioVersion = 17.9.34622.214
MinimumVisualStudioVersion = 10.0.40219.1
Project("{9A19103F-16F7-4668-BE54-9A1E7A4F7556}") = "WebApiAutores", "WebApiAutores\WebApiAutores.csproj", "{AA1AC948-4A67-4614-9A1B-B4112449670A}"
EndProject
Project("{2150E333-8FDC-42A3-9474-1A3956D46DE8}") = "Solution Items", "Solution Items", "{44365743-ADFF-40EA-AC32-28EFD04FDDFE}"
	ProjectSection(SolutionItems) = preProject
		.editorconfig = .editorconfig
	EndProjectSection
EndProject
Global
	GlobalSection(SolutionConfigurationPlatforms) = preSolution
		Debug|Any CPU = Debug|Any CPU
		Release|Any CPU = Release|Any CPU
	EndGlobalSection
	GlobalSection(ProjectConfigurationPlatforms) = postSolution
		{AA1AC948-4A67-4614-9A1B-B4112449670A}.Debug|Any CPU.ActiveCfg = Debug|Any CPU
		{AA1AC948-4A67-4614-9A1B-B4112449670A}.Debug|Any CPU.Build.0 = Debug|Any CPU
		{AA1AC948-4A67-4614-9A1B-B4112449670A}.Release|Any CPU.ActiveCfg = Release|Any CPU
		{AA1AC948-4A67-4614-9A1B-B4112449670A}.Release|Any CPU.Build.0 = Release|Any CPU
	EndGlobalSection
	GlobalSection(SolutionProperties) = preSolution
		HideSolutionNode = FALSE
	EndGlobalSection
	GlobalSection(ExtensibilityGlobals) = postSolution
		SolutionGuid = {00AB3BC1-057D-4AFF-B8BB-8EEA952ECD01}
	EndGlobalSection
EndGlobal
